
Microsoft Visual Studio Solution File, Format Version 12.00
# Visual Studio Version 16
VisualStudioVersion = 16.0.30907.101
MinimumVisualStudioVersion = 10.0.40219.1
Project("{FAE04EC0-301F-11D3-BF4B-00C04F79EFBC}") = "ToyRobotSimulator", "ToyRobotSimulator\ToyRobotSimulator.csproj", "{21C33473-64FD-43CB-93D5-B4EF67FEACFE}"
EndProject
Project("{FAE04EC0-301F-11D3-BF4B-00C04F79EFBC}") = "ToyRobotSimulator.Tests", "ToyRobotSimultator.Tests\ToyRobotSimulator.Tests.csproj", "{6D559969-2DF8-4BDD-BA74-A466D7E387AD}"
EndProject
Project("{FAE04EC0-301F-11D3-BF4B-00C04F79EFBC}") = "ToyRobotSimulator.Support", "ToyRobotSimulator.Support\ToyRobotSimulator.Support.csproj", "{615369EC-9D89-42F4-B64E-2E0B8E267393}"
EndProject
Global
	GlobalSection(SolutionConfigurationPlatforms) = preSolution
		Debug|Any CPU = Debug|Any CPU
		Release|Any CPU = Release|Any CPU
	EndGlobalSection
	GlobalSection(ProjectConfigurationPlatforms) = postSolution
		{21C33473-64FD-43CB-93D5-B4EF67FEACFE}.Debug|Any CPU.ActiveCfg = Debug|Any CPU
		{21C33473-64FD-43CB-93D5-B4EF67FEACFE}.Debug|Any CPU.Build.0 = Debug|Any CPU
		{21C33473-64FD-43CB-93D5-B4EF67FEACFE}.Release|Any CPU.ActiveCfg = Release|Any CPU
		{21C33473-64FD-43CB-93D5-B4EF67FEACFE}.Release|Any CPU.Build.0 = Release|Any CPU
		{6D559969-2DF8-4BDD-BA74-A466D7E387AD}.Debug|Any CPU.ActiveCfg = Debug|Any CPU
		{6D559969-2DF8-4BDD-BA74-A466D7E387AD}.Debug|Any CPU.Build.0 = Debug|Any CPU
		{6D559969-2DF8-4BDD-BA74-A466D7E387AD}.Release|Any CPU.ActiveCfg = Release|Any CPU
		{6D559969-2DF8-4BDD-BA74-A466D7E387AD}.Release|Any CPU.Build.0 = Release|Any CPU
		{615369EC-9D89-42F4-B64E-2E0B8E267393}.Debug|Any CPU.ActiveCfg = Debug|Any CPU
		{615369EC-9D89-42F4-B64E-2E0B8E267393}.Debug|Any CPU.Build.0 = Debug|Any CPU
		{615369EC-9D89-42F4-B64E-2E0B8E267393}.Release|Any CPU.ActiveCfg = Release|Any CPU
		{615369EC-9D89-42F4-B64E-2E0B8E267393}.Release|Any CPU.Build.0 = Release|Any CPU
	EndGlobalSection
	GlobalSection(SolutionProperties) = preSolution
		HideSolutionNode = FALSE
	EndGlobalSection
	GlobalSection(ExtensibilityGlobals) = postSolution
		SolutionGuid = {227B52B3-253B-4263-978B-3DBF53C54546}
	EndGlobalSection
EndGlobal
